{
    "_meta": {
        "hash": {
            "sha256": "6704bef248721310f81b1727471fa5e41f462591b6ac8d0fb0f0e7e14e17b3ab"
        },
        "pipfile-spec": 6,
        "requires": {
            "python_version": "3.10"
        },
        "sources": [
            {
                "name": "pypi",
                "url": "https://pypi.org/simple",
                "verify_ssl": true
            }
        ]
    },
    "default": {
        "et-xmlfile": {
            "hashes": [
                "sha256:8eb9e2bc2f8c97e37a2dc85a09ecdcdec9d8a396530a6d5a33b30b9a92da0c5c",
                "sha256:a2ba85d1d6a74ef63837eed693bcb89c3f752169b0e3e7ae5b16ca5e1b3deada"
            ],
            "markers": "python_version >= '3.6'",
            "version": "==1.1.0"
        },
        "mysql-connector-python": {
            "hashes": [
                "sha256:047420715bbb51d3cba78de446c8a6db4666459cd23e168568009c620a3f5b90",
                "sha256:1bef2a4a2b529c6e9c46414100ab7032c252244e8a9e017d2b6a41bb9cea9312",
                "sha256:245087999f081b389d66621f2abfe2463e3927f63c7c4c0f70ce0f82786ccb93",
                "sha256:29ec05ded856b4da4e47239f38489c03b31673ae0f46a090d0e4e29c670e6181",
                "sha256:4de5959e27038cbd11dfccb1afaa2fd258c013e59d3e15709dd1992086103050",
                "sha256:5eef51e48b22aadd633563bbdaf02112d98d954a4ead53f72fde283ea3f88152",
                "sha256:6e2267ad75b37b5e1c480cde77cdc4f795427a54266ead30aabcdbf75ac70064",
                "sha256:7be3aeff73b85eab3af2a1e80c053a98cbcb99e142192e551ebd4c1e41ce2596",
                "sha256:895135cde57622edf48e1fce3beb4ed85f18332430d48f5c1d9630d49f7712b0",
                "sha256:89597c091c4f25b6e023cbbcd32be73affbb0b44256761fe3b8e1d4b14d14d02",
                "sha256:a7fd6a71df824f5a7d9a94060598d67b3a32eeccdc9837ee2cd98a44e2536cae",
                "sha256:ab0e9d9b5fc114b78dfa9c74e8bfa30b48fcfa17dbb9241ad6faada08a589900",
                "sha256:b7dccd7f72f19c97b58428ebf8e709e24eb7e9b67a408af7e77b60efde44bea4",
                "sha256:bed43ea3a11f8d4e7c2e3f20c891214e68b45451314f91fddf9ca701de7a53ac",
                "sha256:d5afb766b379111942d4260f29499f93355823c7241926471d843c9281fe477c",
                "sha256:f353893481476a537cca7afd4e81e0ed84dd2173932b7f1721ab3e3351cbf324",
                "sha256:fd608c288f596c4c8767d9a8e90f129385bd19ee6e3adaf6974ad8012c6138b8",
                "sha256:fdd262d8538aa504475f8860cfda939a297d3b213c8d15f7ceed52508aeb2aa3"
            ],
            "index": "pypi",
            "version": "==8.0.29"
        },
        "openpyxl": {
            "hashes": [
                "sha256:0ab6d25d01799f97a9464630abacbb34aafecdcaa0ef3cba6d6b3499867d0355",
                "sha256:e47805627aebcf860edb4edf7987b1309c1b3632f3750538ed962bbcc3bd7449"
            ],
            "index": "pypi",
            "version": "==3.0.10"
        },
        "protobuf": {
            "hashes": [
                "sha256:0d4719e724472e296062ba8e82a36d64693fcfdb550d9dff98af70ca79eafe3d",
                "sha256:2b35602cb65d53c168c104469e714bf68670335044c38eee3c899d6a8af03ffc",
                "sha256:32fff501b6df3050936d1839b80ea5899bf34db24792d223d7640611f67de15a",
                "sha256:34400fd76f85bdae9a2e9c1444ea4699c0280962423eff4418765deceebd81b5",
                "sha256:3767c64593a49c7ac0accd08ed39ce42744405f0989d468f0097a17496fdbe84",
                "sha256:3f2ed842e8ca43b790cb4a101bcf577226e0ded98a6a6ba2d5e12095a08dc4da",
                "sha256:52c1e44e25f2949be7ffa7c66acbfea940b0945dd416920231f7cb30ea5ac6db",
                "sha256:5d9b5c8270461706973c3871c6fbdd236b51dfe9dab652f1fb6a36aa88287e47",
                "sha256:72d357cc4d834cc85bd957e8b8e1f4b64c2eac9ca1a942efeb8eb2e723fca852",
                "sha256:79cd8d0a269b714f6b32641f86928c718e8d234466919b3f552bfb069dbb159b",
                "sha256:a4c0c6f2f95a559e59a0258d3e4b186f340cbdc5adec5ce1bc06d01972527c88",
                "sha256:b309fda192850ac4184ca1777aab9655564bc8d10a9cc98f10e1c8bf11295c22",
                "sha256:b3d7d4b4945fe3c001403b6c24442901a5e58c0a3059290f5a63523ed4435f82",
                "sha256:c8829092c5aeb61619161269b2f8a2e36fd7cb26abbd9282d3bc453f02769146"
            ],
            "markers": "python_version >= '3.7'",
            "version": "==4.21.1"
        }
    },
    "develop": {}
}
